// !$*UTF8*$!
{
	archiveVersion = 1;
	classes = {
	};
	objectVersion = 50;
	objects = {

/* Begin PBXBuildFile section */
		A3BB323D211FD39300B14A2D /* Session.swift in Sources */ = {isa = PBXBuildFile; fileRef = A3BB323C211FD39300B14A2D /* Session.swift */; };
		A3DCAA7820B338A800B8D2DA /* AppDelegate.swift in Sources */ = {isa = PBXBuildFile; fileRef = A3DCAA7720B338A800B8D2DA /* AppDelegate.swift */; };
		A3DCAA7A20B338A800B8D2DA /* SignInViewController.swift in Sources */ = {isa = PBXBuildFile; fileRef = A3DCAA7920B338A800B8D2DA /* SignInViewController.swift */; };
		A3DCAA7D20B338A800B8D2DA /* Main.storyboard in Resources */ = {isa = PBXBuildFile; fileRef = A3DCAA7B20B338A800B8D2DA /* Main.storyboard */; };
		A3DCAA7F20B338A900B8D2DA /* Assets.xcassets in Resources */ = {isa = PBXBuildFile; fileRef = A3DCAA7E20B338A900B8D2DA /* Assets.xcassets */; };
		A3DCAA8220B338A900B8D2DA /* LaunchScreen.storyboard in Resources */ = {isa = PBXBuildFile; fileRef = A3DCAA8020B338A900B8D2DA /* LaunchScreen.storyboard */; };
		A3DCAA8D20B338A900B8D2DA /* PokerExTests.swift in Sources */ = {isa = PBXBuildFile; fileRef = A3DCAA8C20B338A900B8D2DA /* PokerExTests.swift */; };
		A3DCAA9820B338A900B8D2DA /* PokerExUITests.swift in Sources */ = {isa = PBXBuildFile; fileRef = A3DCAA9720B338A900B8D2DA /* PokerExUITests.swift */; };
		A3E5FE8820B6E68E001FB457 /* HomeViewController.swift in Sources */ = {isa = PBXBuildFile; fileRef = A3E5FE8720B6E68E001FB457 /* HomeViewController.swift */; };
		A3FA95FA20C30C770087EE0A /* Authentication.swift in Sources */ = {isa = PBXBuildFile; fileRef = A3FA95F920C30C770087EE0A /* Authentication.swift */; };
		A3FEB460211F9D120005C518 /* NetworkUtils.swift in Sources */ = {isa = PBXBuildFile; fileRef = A3FEB45F211F9D120005C518 /* NetworkUtils.swift */; };
		A3FEB463211FA1F60005C518 /* SessionLogicController.swift in Sources */ = {isa = PBXBuildFile; fileRef = A3FEB462211FA1F60005C518 /* SessionLogicController.swift */; };
		BDD253C9655BEFEA48249B69 /* Pods_PokerExUITests.framework in Frameworks */ = {isa = PBXBuildFile; fileRef = 38D1D57A59CF2E09AB36C953 /* Pods_PokerExUITests.framework */; };
		BE36A5D10A6AFB4810CF32D5 /* Pods_PokerExTests.framework in Frameworks */ = {isa = PBXBuildFile; fileRef = 02DADEC373026D7439953E9E /* Pods_PokerExTests.framework */; };
		CCD6D1B3247059D8EDE90D47 /* Pods_PokerEx.framework in Frameworks */ = {isa = PBXBuildFile; fileRef = 6C6E75AA16855B5F597FAF5F /* Pods_PokerEx.framework */; };
/* End PBXBuildFile section */

/* Begin PBXContainerItemProxy section */
		A3DCAA8920B338A900B8D2DA /* PBXContainerItemProxy */ = {
			isa = PBXContainerItemProxy;
			containerPortal = A3DCAA6C20B338A800B8D2DA /* Project object */;
			proxyType = 1;
			remoteGlobalIDString = A3DCAA7320B338A800B8D2DA;
			remoteInfo = PokerEx;
		};
		A3DCAA9420B338A900B8D2DA /* PBXContainerItemProxy */ = {
			isa = PBXContainerItemProxy;
			containerPortal = A3DCAA6C20B338A800B8D2DA /* Project object */;
			proxyType = 1;
			remoteGlobalIDString = A3DCAA7320B338A800B8D2DA;
			remoteInfo = PokerEx;
		};
/* End PBXContainerItemProxy section */

/* Begin PBXFileReference section */
		02DADEC373026D7439953E9E /* Pods_PokerExTests.framework */ = {isa = PBXFileReference; explicitFileType = wrapper.framework; includeInIndex = 0; path = Pods_PokerExTests.framework; sourceTree = BUILT_PRODUCTS_DIR; };
		24ADE49C90FC02F521965FA0 /* Pods-PokerExUITests.debug.xcconfig */ = {isa = PBXFileReference; includeInIndex = 1; lastKnownFileType = text.xcconfig; name = "Pods-PokerExUITests.debug.xcconfig"; path = "Pods/Target Support Files/Pods-PokerExUITests/Pods-PokerExUITests.debug.xcconfig"; sourceTree = "<group>"; };
		275BA3F162F58AAB64A2F357 /* Pods-PokerExTests.release.xcconfig */ = {isa = PBXFileReference; includeInIndex = 1; lastKnownFileType = text.xcconfig; name = "Pods-PokerExTests.release.xcconfig"; path = "Pods/Target Support Files/Pods-PokerExTests/Pods-PokerExTests.release.xcconfig"; sourceTree = "<group>"; };
		38D1D57A59CF2E09AB36C953 /* Pods_PokerExUITests.framework */ = {isa = PBXFileReference; explicitFileType = wrapper.framework; includeInIndex = 0; path = Pods_PokerExUITests.framework; sourceTree = BUILT_PRODUCTS_DIR; };
		6C6E75AA16855B5F597FAF5F /* Pods_PokerEx.framework */ = {isa = PBXFileReference; explicitFileType = wrapper.framework; includeInIndex = 0; path = Pods_PokerEx.framework; sourceTree = BUILT_PRODUCTS_DIR; };
		80B8E3FCAE81A96FCCCC40A1 /* Pods-PokerEx.debug.xcconfig */ = {isa = PBXFileReference; includeInIndex = 1; lastKnownFileType = text.xcconfig; name = "Pods-PokerEx.debug.xcconfig"; path = "Pods/Target Support Files/Pods-PokerEx/Pods-PokerEx.debug.xcconfig"; sourceTree = "<group>"; };
		A3BB323C211FD39300B14A2D /* Session.swift */ = {isa = PBXFileReference; lastKnownFileType = sourcecode.swift; path = Session.swift; sourceTree = "<group>"; };
		A3DCAA7420B338A800B8D2DA /* PokerEx.app */ = {isa = PBXFileReference; explicitFileType = wrapper.application; includeInIndex = 0; path = PokerEx.app; sourceTree = BUILT_PRODUCTS_DIR; };
		A3DCAA7720B338A800B8D2DA /* AppDelegate.swift */ = {isa = PBXFileReference; lastKnownFileType = sourcecode.swift; path = AppDelegate.swift; sourceTree = "<group>"; };
		A3DCAA7920B338A800B8D2DA /* SignInViewController.swift */ = {isa = PBXFileReference; lastKnownFileType = sourcecode.swift; path = SignInViewController.swift; sourceTree = "<group>"; };
		A3DCAA7C20B338A800B8D2DA /* Base */ = {isa = PBXFileReference; lastKnownFileType = file.storyboard; name = Base; path = Base.lproj/Main.storyboard; sourceTree = "<group>"; };
		A3DCAA7E20B338A900B8D2DA /* Assets.xcassets */ = {isa = PBXFileReference; lastKnownFileType = folder.assetcatalog; path = Assets.xcassets; sourceTree = "<group>"; };
		A3DCAA8120B338A900B8D2DA /* Base */ = {isa = PBXFileReference; lastKnownFileType = file.storyboard; name = Base; path = Base.lproj/LaunchScreen.storyboard; sourceTree = "<group>"; };
		A3DCAA8320B338A900B8D2DA /* Info.plist */ = {isa = PBXFileReference; lastKnownFileType = text.plist.xml; path = Info.plist; sourceTree = "<group>"; };
		A3DCAA8820B338A900B8D2DA /* PokerExTests.xctest */ = {isa = PBXFileReference; explicitFileType = wrapper.cfbundle; includeInIndex = 0; path = PokerExTests.xctest; sourceTree = BUILT_PRODUCTS_DIR; };
		A3DCAA8C20B338A900B8D2DA /* PokerExTests.swift */ = {isa = PBXFileReference; lastKnownFileType = sourcecode.swift; path = PokerExTests.swift; sourceTree = "<group>"; };
		A3DCAA8E20B338A900B8D2DA /* Info.plist */ = {isa = PBXFileReference; lastKnownFileType = text.plist.xml; path = Info.plist; sourceTree = "<group>"; };
		A3DCAA9320B338A900B8D2DA /* PokerExUITests.xctest */ = {isa = PBXFileReference; explicitFileType = wrapper.cfbundle; includeInIndex = 0; path = PokerExUITests.xctest; sourceTree = BUILT_PRODUCTS_DIR; };
		A3DCAA9720B338A900B8D2DA /* PokerExUITests.swift */ = {isa = PBXFileReference; lastKnownFileType = sourcecode.swift; path = PokerExUITests.swift; sourceTree = "<group>"; };
		A3DCAA9920B338A900B8D2DA /* Info.plist */ = {isa = PBXFileReference; lastKnownFileType = text.plist.xml; path = Info.plist; sourceTree = "<group>"; };
		A3E5FE8620B64B6D001FB457 /* Dev.xcconfig */ = {isa = PBXFileReference; lastKnownFileType = text.xcconfig; path = Dev.xcconfig; sourceTree = "<group>"; };
		A3E5FE8720B6E68E001FB457 /* HomeViewController.swift */ = {isa = PBXFileReference; lastKnownFileType = sourcecode.swift; path = HomeViewController.swift; sourceTree = "<group>"; };
		A3FA95F920C30C770087EE0A /* Authentication.swift */ = {isa = PBXFileReference; lastKnownFileType = sourcecode.swift; path = Authentication.swift; sourceTree = "<group>"; };
		A3FEB45F211F9D120005C518 /* NetworkUtils.swift */ = {isa = PBXFileReference; lastKnownFileType = sourcecode.swift; path = NetworkUtils.swift; sourceTree = "<group>"; };
		A3FEB462211FA1F60005C518 /* SessionLogicController.swift */ = {isa = PBXFileReference; lastKnownFileType = sourcecode.swift; path = SessionLogicController.swift; sourceTree = "<group>"; };
		BA73499014D4BDAE909DC06A /* Pods-PokerExTests.debug.xcconfig */ = {isa = PBXFileReference; includeInIndex = 1; lastKnownFileType = text.xcconfig; name = "Pods-PokerExTests.debug.xcconfig"; path = "Pods/Target Support Files/Pods-PokerExTests/Pods-PokerExTests.debug.xcconfig"; sourceTree = "<group>"; };
		EE9CAB823A2798965839C758 /* Pods-PokerExUITests.release.xcconfig */ = {isa = PBXFileReference; includeInIndex = 1; lastKnownFileType = text.xcconfig; name = "Pods-PokerExUITests.release.xcconfig"; path = "Pods/Target Support Files/Pods-PokerExUITests/Pods-PokerExUITests.release.xcconfig"; sourceTree = "<group>"; };
		FB23FFD074561D32547C5EDF /* Pods-PokerEx.release.xcconfig */ = {isa = PBXFileReference; includeInIndex = 1; lastKnownFileType = text.xcconfig; name = "Pods-PokerEx.release.xcconfig"; path = "Pods/Target Support Files/Pods-PokerEx/Pods-PokerEx.release.xcconfig"; sourceTree = "<group>"; };
/* End PBXFileReference section */

/* Begin PBXFrameworksBuildPhase section */
		A3DCAA7120B338A800B8D2DA /* Frameworks */ = {
			isa = PBXFrameworksBuildPhase;
			buildActionMask = 2147483647;
			files = (
				CCD6D1B3247059D8EDE90D47 /* Pods_PokerEx.framework in Frameworks */,
			);
			runOnlyForDeploymentPostprocessing = 0;
		};
		A3DCAA8520B338A900B8D2DA /* Frameworks */ = {
			isa = PBXFrameworksBuildPhase;
			buildActionMask = 2147483647;
			files = (
				BE36A5D10A6AFB4810CF32D5 /* Pods_PokerExTests.framework in Frameworks */,
			);
			runOnlyForDeploymentPostprocessing = 0;
		};
		A3DCAA9020B338A900B8D2DA /* Frameworks */ = {
			isa = PBXFrameworksBuildPhase;
			buildActionMask = 2147483647;
			files = (
				BDD253C9655BEFEA48249B69 /* Pods_PokerExUITests.framework in Frameworks */,
			);
			runOnlyForDeploymentPostprocessing = 0;
		};
/* End PBXFrameworksBuildPhase section */

/* Begin PBXGroup section */
		2CBAA7ED0C290847F659E123 /* Frameworks */ = {
			isa = PBXGroup;
			children = (
				6C6E75AA16855B5F597FAF5F /* Pods_PokerEx.framework */,
				02DADEC373026D7439953E9E /* Pods_PokerExTests.framework */,
				38D1D57A59CF2E09AB36C953 /* Pods_PokerExUITests.framework */,
			);
			name = Frameworks;
			sourceTree = "<group>";
		};
		A3BB323B211FD37100B14A2D /* Players */ = {
			isa = PBXGroup;
			children = (
				A3BB323C211FD39300B14A2D /* Session.swift */,
			);
			path = Players;
			sourceTree = "<group>";
		};
		A3DCAA6B20B338A800B8D2DA = {
			isa = PBXGroup;
			children = (
				A3E5FE8620B64B6D001FB457 /* Dev.xcconfig */,
				A3DCAA7620B338A800B8D2DA /* PokerEx */,
				A3DCAA8B20B338A900B8D2DA /* PokerExTests */,
				A3DCAA9620B338A900B8D2DA /* PokerExUITests */,
				A3DCAA7520B338A800B8D2DA /* Products */,
				AC345849FB1793F8C96B2BF2 /* Pods */,
				2CBAA7ED0C290847F659E123 /* Frameworks */,
			);
			sourceTree = "<group>";
		};
		A3DCAA7520B338A800B8D2DA /* Products */ = {
			isa = PBXGroup;
			children = (
				A3DCAA7420B338A800B8D2DA /* PokerEx.app */,
				A3DCAA8820B338A900B8D2DA /* PokerExTests.xctest */,
				A3DCAA9320B338A900B8D2DA /* PokerExUITests.xctest */,
			);
			name = Products;
			sourceTree = "<group>";
		};
		A3DCAA7620B338A800B8D2DA /* PokerEx */ = {
			isa = PBXGroup;
			children = (
				A3BB323B211FD37100B14A2D /* Players */,
				A3FEB461211FA1980005C518 /* Sessions */,
				A3DCAA7720B338A800B8D2DA /* AppDelegate.swift */,
				A3DCAA7B20B338A800B8D2DA /* Main.storyboard */,
				A3DCAA7E20B338A900B8D2DA /* Assets.xcassets */,
				A3DCAA8020B338A900B8D2DA /* LaunchScreen.storyboard */,
				A3DCAA8320B338A900B8D2DA /* Info.plist */,
				A3E5FE8720B6E68E001FB457 /* HomeViewController.swift */,
				A3FEB45F211F9D120005C518 /* NetworkUtils.swift */,
			);
			path = PokerEx;
			sourceTree = "<group>";
		};
		A3DCAA8B20B338A900B8D2DA /* PokerExTests */ = {
			isa = PBXGroup;
			children = (
				A3DCAA8C20B338A900B8D2DA /* PokerExTests.swift */,
				A3DCAA8E20B338A900B8D2DA /* Info.plist */,
			);
			path = PokerExTests;
			sourceTree = "<group>";
		};
		A3DCAA9620B338A900B8D2DA /* PokerExUITests */ = {
			isa = PBXGroup;
			children = (
				A3DCAA9720B338A900B8D2DA /* PokerExUITests.swift */,
				A3DCAA9920B338A900B8D2DA /* Info.plist */,
			);
			path = PokerExUITests;
			sourceTree = "<group>";
		};
		A3FEB461211FA1980005C518 /* Sessions */ = {
			isa = PBXGroup;
			children = (
				A3FA95F920C30C770087EE0A /* Authentication.swift */,
				A3DCAA7920B338A800B8D2DA /* SignInViewController.swift */,
				A3FEB462211FA1F60005C518 /* SessionLogicController.swift */,
			);
			path = Sessions;
			sourceTree = "<group>";
		};
		AC345849FB1793F8C96B2BF2 /* Pods */ = {
			isa = PBXGroup;
			children = (
				80B8E3FCAE81A96FCCCC40A1 /* Pods-PokerEx.debug.xcconfig */,
				FB23FFD074561D32547C5EDF /* Pods-PokerEx.release.xcconfig */,
				BA73499014D4BDAE909DC06A /* Pods-PokerExTests.debug.xcconfig */,
				275BA3F162F58AAB64A2F357 /* Pods-PokerExTests.release.xcconfig */,
				24ADE49C90FC02F521965FA0 /* Pods-PokerExUITests.debug.xcconfig */,
				EE9CAB823A2798965839C758 /* Pods-PokerExUITests.release.xcconfig */,
			);
			name = Pods;
			sourceTree = "<group>";
		};
/* End PBXGroup section */

/* Begin PBXNativeTarget section */
		A3DCAA7320B338A800B8D2DA /* PokerEx */ = {
			isa = PBXNativeTarget;
			buildConfigurationList = A3DCAA9C20B338A900B8D2DA /* Build configuration list for PBXNativeTarget "PokerEx" */;
			buildPhases = (
				FCED0EB6224DEFD9A76426A4 /* [CP] Check Pods Manifest.lock */,
				A3DCAA7020B338A800B8D2DA /* Sources */,
				A3DCAA7120B338A800B8D2DA /* Frameworks */,
				A3DCAA7220B338A800B8D2DA /* Resources */,
				E03B23D30378AF2AAB06CD1C /* [CP] Embed Pods Frameworks */,
			);
			buildRules = (
			);
			dependencies = (
			);
			name = PokerEx;
			productName = PokerEx;
			productReference = A3DCAA7420B338A800B8D2DA /* PokerEx.app */;
			productType = "com.apple.product-type.application";
		};
		A3DCAA8720B338A900B8D2DA /* PokerExTests */ = {
			isa = PBXNativeTarget;
			buildConfigurationList = A3DCAA9F20B338A900B8D2DA /* Build configuration list for PBXNativeTarget "PokerExTests" */;
			buildPhases = (
				490D856935125E0FF9AAFD0A /* [CP] Check Pods Manifest.lock */,
				A3DCAA8420B338A900B8D2DA /* Sources */,
				A3DCAA8520B338A900B8D2DA /* Frameworks */,
				A3DCAA8620B338A900B8D2DA /* Resources */,
			);
			buildRules = (
			);
			dependencies = (
				A3DCAA8A20B338A900B8D2DA /* PBXTargetDependency */,
			);
			name = PokerExTests;
			productName = PokerExTests;
			productReference = A3DCAA8820B338A900B8D2DA /* PokerExTests.xctest */;
			productType = "com.apple.product-type.bundle.unit-test";
		};
		A3DCAA9220B338A900B8D2DA /* PokerExUITests */ = {
			isa = PBXNativeTarget;
			buildConfigurationList = A3DCAAA220B338A900B8D2DA /* Build configuration list for PBXNativeTarget "PokerExUITests" */;
			buildPhases = (
				95D8D3857623A614BEEE0AEF /* [CP] Check Pods Manifest.lock */,
				A3DCAA8F20B338A900B8D2DA /* Sources */,
				A3DCAA9020B338A900B8D2DA /* Frameworks */,
				A3DCAA9120B338A900B8D2DA /* Resources */,
			);
			buildRules = (
			);
			dependencies = (
				A3DCAA9520B338A900B8D2DA /* PBXTargetDependency */,
			);
			name = PokerExUITests;
			productName = PokerExUITests;
			productReference = A3DCAA9320B338A900B8D2DA /* PokerExUITests.xctest */;
			productType = "com.apple.product-type.bundle.ui-testing";
		};
/* End PBXNativeTarget section */

/* Begin PBXProject section */
		A3DCAA6C20B338A800B8D2DA /* Project object */ = {
			isa = PBXProject;
			attributes = {
				LastSwiftUpdateCheck = 0930;
				LastUpgradeCheck = 0930;
				ORGANIZATIONNAME = "Kayser, Zack";
				TargetAttributes = {
					A3DCAA7320B338A800B8D2DA = {
						CreatedOnToolsVersion = 9.3;
					};
					A3DCAA8720B338A900B8D2DA = {
						CreatedOnToolsVersion = 9.3;
						TestTargetID = A3DCAA7320B338A800B8D2DA;
					};
					A3DCAA9220B338A900B8D2DA = {
						CreatedOnToolsVersion = 9.3;
						TestTargetID = A3DCAA7320B338A800B8D2DA;
					};
				};
			};
			buildConfigurationList = A3DCAA6F20B338A800B8D2DA /* Build configuration list for PBXProject "PokerEx" */;
			compatibilityVersion = "Xcode 9.3";
			developmentRegion = en;
			hasScannedForEncodings = 0;
			knownRegions = (
				en,
				Base,
			);
			mainGroup = A3DCAA6B20B338A800B8D2DA;
			productRefGroup = A3DCAA7520B338A800B8D2DA /* Products */;
			projectDirPath = "";
			projectRoot = "";
			targets = (
				A3DCAA7320B338A800B8D2DA /* PokerEx */,
				A3DCAA8720B338A900B8D2DA /* PokerExTests */,
				A3DCAA9220B338A900B8D2DA /* PokerExUITests */,
			);
		};
/* End PBXProject section */

/* Begin PBXResourcesBuildPhase section */
		A3DCAA7220B338A800B8D2DA /* Resources */ = {
			isa = PBXResourcesBuildPhase;
			buildActionMask = 2147483647;
			files = (
				A3DCAA8220B338A900B8D2DA /* LaunchScreen.storyboard in Resources */,
				A3DCAA7F20B338A900B8D2DA /* Assets.xcassets in Resources */,
				A3DCAA7D20B338A800B8D2DA /* Main.storyboard in Resources */,
			);
			runOnlyForDeploymentPostprocessing = 0;
		};
		A3DCAA8620B338A900B8D2DA /* Resources */ = {
			isa = PBXResourcesBuildPhase;
			buildActionMask = 2147483647;
			files = (
			);
			runOnlyForDeploymentPostprocessing = 0;
		};
		A3DCAA9120B338A900B8D2DA /* Resources */ = {
			isa = PBXResourcesBuildPhase;
			buildActionMask = 2147483647;
			files = (
			);
			runOnlyForDeploymentPostprocessing = 0;
		};
/* End PBXResourcesBuildPhase section */

/* Begin PBXShellScriptBuildPhase section */
		490D856935125E0FF9AAFD0A /* [CP] Check Pods Manifest.lock */ = {
			isa = PBXShellScriptBuildPhase;
			buildActionMask = 2147483647;
			files = (
			);
			inputPaths = (
				"${PODS_PODFILE_DIR_PATH}/Podfile.lock",
				"${PODS_ROOT}/Manifest.lock",
			);
			name = "[CP] Check Pods Manifest.lock";
			outputPaths = (
				"$(DERIVED_FILE_DIR)/Pods-PokerExTests-checkManifestLockResult.txt",
			);
			runOnlyForDeploymentPostprocessing = 0;
			shellPath = /bin/sh;
			shellScript = "diff \"${PODS_PODFILE_DIR_PATH}/Podfile.lock\" \"${PODS_ROOT}/Manifest.lock\" > /dev/null\nif [ $? != 0 ] ; then\n    # print error to STDERR\n    echo \"error: The sandbox is not in sync with the Podfile.lock. Run 'pod install' or update your CocoaPods installation.\" >&2\n    exit 1\nfi\n# This output is used by Xcode 'outputs' to avoid re-running this script phase.\necho \"SUCCESS\" > \"${SCRIPT_OUTPUT_FILE_0}\"\n";
			showEnvVarsInLog = 0;
		};
		95D8D3857623A614BEEE0AEF /* [CP] Check Pods Manifest.lock */ = {
			isa = PBXShellScriptBuildPhase;
			buildActionMask = 2147483647;
			files = (
			);
			inputPaths = (
				"${PODS_PODFILE_DIR_PATH}/Podfile.lock",
				"${PODS_ROOT}/Manifest.lock",
			);
			name = "[CP] Check Pods Manifest.lock";
			outputPaths = (
				"$(DERIVED_FILE_DIR)/Pods-PokerExUITests-checkManifestLockResult.txt",
			);
			runOnlyForDeploymentPostprocessing = 0;
			shellPath = /bin/sh;
			shellScript = "diff \"${PODS_PODFILE_DIR_PATH}/Podfile.lock\" \"${PODS_ROOT}/Manifest.lock\" > /dev/null\nif [ $? != 0 ] ; then\n    # print error to STDERR\n    echo \"error: The sandbox is not in sync with the Podfile.lock. Run 'pod install' or update your CocoaPods installation.\" >&2\n    exit 1\nfi\n# This output is used by Xcode 'outputs' to avoid re-running this script phase.\necho \"SUCCESS\" > \"${SCRIPT_OUTPUT_FILE_0}\"\n";
			showEnvVarsInLog = 0;
		};
		E03B23D30378AF2AAB06CD1C /* [CP] Embed Pods Frameworks */ = {
			isa = PBXShellScriptBuildPhase;
			buildActionMask = 2147483647;
			files = (
			);
			inputPaths = (
				"${SRCROOT}/Pods/Target Support Files/Pods-PokerEx/Pods-PokerEx-frameworks.sh",
				"${BUILT_PRODUCTS_DIR}/Bolts/Bolts.framework",
				"${BUILT_PRODUCTS_DIR}/FBSDKCoreKit/FBSDKCoreKit.framework",
				"${BUILT_PRODUCTS_DIR}/FBSDKLoginKit/FBSDKLoginKit.framework",
				"${BUILT_PRODUCTS_DIR}/FacebookCore/FacebookCore.framework",
				"${BUILT_PRODUCTS_DIR}/FacebookLogin/FacebookLogin.framework",
			);
			name = "[CP] Embed Pods Frameworks";
			outputPaths = (
				"${TARGET_BUILD_DIR}/${FRAMEWORKS_FOLDER_PATH}/Bolts.framework",
				"${TARGET_BUILD_DIR}/${FRAMEWORKS_FOLDER_PATH}/FBSDKCoreKit.framework",
				"${TARGET_BUILD_DIR}/${FRAMEWORKS_FOLDER_PATH}/FBSDKLoginKit.framework",
				"${TARGET_BUILD_DIR}/${FRAMEWORKS_FOLDER_PATH}/FacebookCore.framework",
				"${TARGET_BUILD_DIR}/${FRAMEWORKS_FOLDER_PATH}/FacebookLogin.framework",
			);
			runOnlyForDeploymentPostprocessing = 0;
			shellPath = /bin/sh;
			shellScript = "\"${SRCROOT}/Pods/Target Support Files/Pods-PokerEx/Pods-PokerEx-frameworks.sh\"\n";
			showEnvVarsInLog = 0;
		};
		FCED0EB6224DEFD9A76426A4 /* [CP] Check Pods Manifest.lock */ = {
			isa = PBXShellScriptBuildPhase;
			buildActionMask = 2147483647;
			files = (
			);
			inputPaths = (
				"${PODS_PODFILE_DIR_PATH}/Podfile.lock",
				"${PODS_ROOT}/Manifest.lock",
			);
			name = "[CP] Check Pods Manifest.lock";
			outputPaths = (
				"$(DERIVED_FILE_DIR)/Pods-PokerEx-checkManifestLockResult.txt",
			);
			runOnlyForDeploymentPostprocessing = 0;
			shellPath = /bin/sh;
			shellScript = "diff \"${PODS_PODFILE_DIR_PATH}/Podfile.lock\" \"${PODS_ROOT}/Manifest.lock\" > /dev/null\nif [ $? != 0 ] ; then\n    # print error to STDERR\n    echo \"error: The sandbox is not in sync with the Podfile.lock. Run 'pod install' or update your CocoaPods installation.\" >&2\n    exit 1\nfi\n# This output is used by Xcode 'outputs' to avoid re-running this script phase.\necho \"SUCCESS\" > \"${SCRIPT_OUTPUT_FILE_0}\"\n";
			showEnvVarsInLog = 0;
		};
/* End PBXShellScriptBuildPhase section */

/* Begin PBXSourcesBuildPhase section */
		A3DCAA7020B338A800B8D2DA /* Sources */ = {
			isa = PBXSourcesBuildPhase;
			buildActionMask = 2147483647;
			files = (
				A3BB323D211FD39300B14A2D /* Session.swift in Sources */,
				A3DCAA7A20B338A800B8D2DA /* SignInViewController.swift in Sources */,
				A3DCAA7820B338A800B8D2DA /* AppDelegate.swift in Sources */,
				A3FEB460211F9D120005C518 /* NetworkUtils.swift in Sources */,
				A3FEB463211FA1F60005C518 /* SessionLogicController.swift in Sources */,
				A3E5FE8820B6E68E001FB457 /* HomeViewController.swift in Sources */,
				A3FA95FA20C30C770087EE0A /* Authentication.swift in Sources */,
			);
			runOnlyForDeploymentPostprocessing = 0;
		};
		A3DCAA8420B338A900B8D2DA /* Sources */ = {
			isa = PBXSourcesBuildPhase;
			buildActionMask = 2147483647;
			files = (
				A3DCAA8D20B338A900B8D2DA /* PokerExTests.swift in Sources */,
			);
			runOnlyForDeploymentPostprocessing = 0;
		};
		A3DCAA8F20B338A900B8D2DA /* Sources */ = {
			isa = PBXSourcesBuildPhase;
			buildActionMask = 2147483647;
			files = (
				A3DCAA9820B338A900B8D2DA /* PokerExUITests.swift in Sources */,
			);
			runOnlyForDeploymentPostprocessing = 0;
		};
/* End PBXSourcesBuildPhase section */

/* Begin PBXTargetDependency section */
		A3DCAA8A20B338A900B8D2DA /* PBXTargetDependency */ = {
			isa = PBXTargetDependency;
			target = A3DCAA7320B338A800B8D2DA /* PokerEx */;
			targetProxy = A3DCAA8920B338A900B8D2DA /* PBXContainerItemProxy */;
		};
		A3DCAA9520B338A900B8D2DA /* PBXTargetDependency */ = {
			isa = PBXTargetDependency;
			target = A3DCAA7320B338A800B8D2DA /* PokerEx */;
			targetProxy = A3DCAA9420B338A900B8D2DA /* PBXContainerItemProxy */;
		};
/* End PBXTargetDependency section */

/* Begin PBXVariantGroup section */
		A3DCAA7B20B338A800B8D2DA /* Main.storyboard */ = {
			isa = PBXVariantGroup;
			children = (
				A3DCAA7C20B338A800B8D2DA /* Base */,
			);
			name = Main.storyboard;
			sourceTree = "<group>";
		};
		A3DCAA8020B338A900B8D2DA /* LaunchScreen.storyboard */ = {
			isa = PBXVariantGroup;
			children = (
				A3DCAA8120B338A900B8D2DA /* Base */,
			);
			name = LaunchScreen.storyboard;
			sourceTree = "<group>";
		};
/* End PBXVariantGroup section */

/* Begin XCBuildConfiguration section */
		A3DCAA9A20B338A900B8D2DA /* Debug */ = {
			isa = XCBuildConfiguration;
			baseConfigurationReference = A3E5FE8620B64B6D001FB457 /* Dev.xcconfig */;
			buildSettings = {
				ALWAYS_SEARCH_USER_PATHS = NO;
				CLANG_ANALYZER_NONNULL = YES;
				CLANG_ANALYZER_NUMBER_OBJECT_CONVERSION = YES_AGGRESSIVE;
				CLANG_CXX_LANGUAGE_STANDARD = "gnu++14";
				CLANG_CXX_LIBRARY = "libc++";
				CLANG_ENABLE_MODULES = YES;
				CLANG_ENABLE_OBJC_ARC = YES;
				CLANG_ENABLE_OBJC_WEAK = YES;
				CLANG_WARN_BLOCK_CAPTURE_AUTORELEASING = YES;
				CLANG_WARN_BOOL_CONVERSION = YES;
				CLANG_WARN_COMMA = YES;
				CLANG_WARN_CONSTANT_CONVERSION = YES;
				CLANG_WARN_DEPRECATED_OBJC_IMPLEMENTATIONS = YES;
				CLANG_WARN_DIRECT_OBJC_ISA_USAGE = YES_ERROR;
				CLANG_WARN_DOCUMENTATION_COMMENTS = YES;
				CLANG_WARN_EMPTY_BODY = YES;
				CLANG_WARN_ENUM_CONVERSION = YES;
				CLANG_WARN_INFINITE_RECURSION = YES;
				CLANG_WARN_INT_CONVERSION = YES;
				CLANG_WARN_NON_LITERAL_NULL_CONVERSION = YES;
				CLANG_WARN_OBJC_IMPLICIT_RETAIN_SELF = YES;
				CLANG_WARN_OBJC_LITERAL_CONVERSION = YES;
				CLANG_WARN_OBJC_ROOT_CLASS = YES_ERROR;
				CLANG_WARN_RANGE_LOOP_ANALYSIS = YES;
				CLANG_WARN_STRICT_PROTOTYPES = YES;
				CLANG_WARN_SUSPICIOUS_MOVE = YES;
				CLANG_WARN_UNGUARDED_AVAILABILITY = YES_AGGRESSIVE;
				CLANG_WARN_UNREACHABLE_CODE = YES;
				CLANG_WARN__DUPLICATE_METHOD_MATCH = YES;
				CODE_SIGN_IDENTITY = "iPhone Developer";
				COPY_PHASE_STRIP = NO;
				DEBUG_INFORMATION_FORMAT = dwarf;
				ENABLE_STRICT_OBJC_MSGSEND = YES;
				ENABLE_TESTABILITY = YES;
				GCC_C_LANGUAGE_STANDARD = gnu11;
				GCC_DYNAMIC_NO_PIC = NO;
				GCC_NO_COMMON_BLOCKS = YES;
				GCC_OPTIMIZATION_LEVEL = 0;
				GCC_PREPROCESSOR_DEFINITIONS = (
					"DEBUG=1",
					"$(inherited)",
				);
				GCC_WARN_64_TO_32_BIT_CONVERSION = YES;
				GCC_WARN_ABOUT_RETURN_TYPE = YES_ERROR;
				GCC_WARN_UNDECLARED_SELECTOR = YES;
				GCC_WARN_UNINITIALIZED_AUTOS = YES_AGGRESSIVE;
				GCC_WARN_UNUSED_FUNCTION = YES;
				GCC_WARN_UNUSED_VARIABLE = YES;
				IPHONEOS_DEPLOYMENT_TARGET = 11.3;
				MTL_ENABLE_DEBUG_INFO = YES;
				ONLY_ACTIVE_ARCH = YES;
				SDKROOT = iphoneos;
				SWIFT_ACTIVE_COMPILATION_CONDITIONS = DEBUG;
				SWIFT_OPTIMIZATION_LEVEL = "-Onone";
			};
			name = Debug;
		};
		A3DCAA9B20B338A900B8D2DA /* Release */ = {
			isa = XCBuildConfiguration;
			buildSettings = {
				ALWAYS_SEARCH_USER_PATHS = NO;
				CLANG_ANALYZER_NONNULL = YES;
				CLANG_ANALYZER_NUMBER_OBJECT_CONVERSION = YES_AGGRESSIVE;
				CLANG_CXX_LANGUAGE_STANDARD = "gnu++14";
				CLANG_CXX_LIBRARY = "libc++";
				CLANG_ENABLE_MODULES = YES;
				CLANG_ENABLE_OBJC_ARC = YES;
				CLANG_ENABLE_OBJC_WEAK = YES;
				CLANG_WARN_BLOCK_CAPTURE_AUTORELEASING = YES;
				CLANG_WARN_BOOL_CONVERSION = YES;
				CLANG_WARN_COMMA = YES;
				CLANG_WARN_CONSTANT_CONVERSION = YES;
				CLANG_WARN_DEPRECATED_OBJC_IMPLEMENTATIONS = YES;
				CLANG_WARN_DIRECT_OBJC_ISA_USAGE = YES_ERROR;
				CLANG_WARN_DOCUMENTATION_COMMENTS = YES;
				CLANG_WARN_EMPTY_BODY = YES;
				CLANG_WARN_ENUM_CONVERSION = YES;
				CLANG_WARN_INFINITE_RECURSION = YES;
				CLANG_WARN_INT_CONVERSION = YES;
				CLANG_WARN_NON_LITERAL_NULL_CONVERSION = YES;
				CLANG_WARN_OBJC_IMPLICIT_RETAIN_SELF = YES;
				CLANG_WARN_OBJC_LITERAL_CONVERSION = YES;
				CLANG_WARN_OBJC_ROOT_CLASS = YES_ERROR;
				CLANG_WARN_RANGE_LOOP_ANALYSIS = YES;
				CLANG_WARN_STRICT_PROTOTYPES = YES;
				CLANG_WARN_SUSPICIOUS_MOVE = YES;
				CLANG_WARN_UNGUARDED_AVAILABILITY = YES_AGGRESSIVE;
				CLANG_WARN_UNREACHABLE_CODE = YES;
				CLANG_WARN__DUPLICATE_METHOD_MATCH = YES;
				CODE_SIGN_IDENTITY = "iPhone Developer";
				COPY_PHASE_STRIP = NO;
				DEBUG_INFORMATION_FORMAT = "dwarf-with-dsym";
				ENABLE_NS_ASSERTIONS = NO;
				ENABLE_STRICT_OBJC_MSGSEND = YES;
				GCC_C_LANGUAGE_STANDARD = gnu11;
				GCC_NO_COMMON_BLOCKS = YES;
				GCC_WARN_64_TO_32_BIT_CONVERSION = YES;
				GCC_WARN_ABOUT_RETURN_TYPE = YES_ERROR;
				GCC_WARN_UNDECLARED_SELECTOR = YES;
				GCC_WARN_UNINITIALIZED_AUTOS = YES_AGGRESSIVE;
				GCC_WARN_UNUSED_FUNCTION = YES;
				GCC_WARN_UNUSED_VARIABLE = YES;
				IPHONEOS_DEPLOYMENT_TARGET = 11.3;
				MTL_ENABLE_DEBUG_INFO = NO;
				SDKROOT = iphoneos;
				SWIFT_COMPILATION_MODE = wholemodule;
				SWIFT_OPTIMIZATION_LEVEL = "-O";
				VALIDATE_PRODUCT = YES;
			};
			name = Release;
		};
		A3DCAA9D20B338A900B8D2DA /* Debug */ = {
			isa = XCBuildConfiguration;
			baseConfigurationReference = 80B8E3FCAE81A96FCCCC40A1 /* Pods-PokerEx.debug.xcconfig */;
			buildSettings = {
				ASSETCATALOG_COMPILER_APPICON_NAME = AppIcon;
				CODE_SIGN_STYLE = Automatic;
				INFOPLIST_FILE = PokerEx/Info.plist;
				LD_RUNPATH_SEARCH_PATHS = (
					"$(inherited)",
					"@executable_path/Frameworks",
				);
				PRODUCT_BUNDLE_IDENTIFIER = com.PokerEx;
				PRODUCT_NAME = "$(TARGET_NAME)";
				SWIFT_VERSION = 4.0;
				TARGETED_DEVICE_FAMILY = "1,2";
			};
			name = Debug;
		};
		A3DCAA9E20B338A900B8D2DA /* Release */ = {
			isa = XCBuildConfiguration;
			baseConfigurationReference = FB23FFD074561D32547C5EDF /* Pods-PokerEx.release.xcconfig */;
			buildSettings = {
				ASSETCATALOG_COMPILER_APPICON_NAME = AppIcon;
				CODE_SIGN_STYLE = Automatic;
				INFOPLIST_FILE = PokerEx/Info.plist;
				LD_RUNPATH_SEARCH_PATHS = (
					"$(inherited)",
					"@executable_path/Frameworks",
				);
				PRODUCT_BUNDLE_IDENTIFIER = com.PokerEx;
				PRODUCT_NAME = "$(TARGET_NAME)";
				SWIFT_VERSION = 4.0;
				TARGETED_DEVICE_FAMILY = "1,2";
			};
			name = Release;
		};
		A3DCAAA020B338A900B8D2DA /* Debug */ = {
			isa = XCBuildConfiguration;
			baseConfigurationReference = BA73499014D4BDAE909DC06A /* Pods-PokerExTests.debug.xcconfig */;
			buildSettings = {
				ALWAYS_EMBED_SWIFT_STANDARD_LIBRARIES = YES;
				BUNDLE_LOADER = "$(TEST_HOST)";
				CODE_SIGN_STYLE = Automatic;
				INFOPLIST_FILE = PokerExTests/Info.plist;
				LD_RUNPATH_SEARCH_PATHS = (
					"$(inherited)",
					"@executable_path/Frameworks",
					"@loader_path/Frameworks",
				);
				PRODUCT_BUNDLE_IDENTIFIER = com.PokerExTests;
				PRODUCT_NAME = "$(TARGET_NAME)";
				SWIFT_VERSION = 4.0;
				TARGETED_DEVICE_FAMILY = "1,2";
				TEST_HOST = "$(BUILT_PRODUCTS_DIR)/PokerEx.app/PokerEx";
			};
			name = Debug;
		};
		A3DCAAA120B338A900B8D2DA /* Release */ = {
			isa = XCBuildConfiguration;
			baseConfigurationReference = 275BA3F162F58AAB64A2F357 /* Pods-PokerExTests.release.xcconfig */;
			buildSettings = {
				ALWAYS_EMBED_SWIFT_STANDARD_LIBRARIES = YES;
				BUNDLE_LOADER = "$(TEST_HOST)";
				CODE_SIGN_STYLE = Automatic;
				INFOPLIST_FILE = PokerExTests/Info.plist;
				LD_RUNPATH_SEARCH_PATHS = (
					"$(inherited)",
					"@executable_path/Frameworks",
					"@loader_path/Frameworks",
				);
				PRODUCT_BUNDLE_IDENTIFIER = com.PokerExTests;
				PRODUCT_NAME = "$(TARGET_NAME)";
				SWIFT_VERSION = 4.0;
				TARGETED_DEVICE_FAMILY = "1,2";
				TEST_HOST = "$(BUILT_PRODUCTS_DIR)/PokerEx.app/PokerEx";
			};
			name = Release;
		};
		A3DCAAA320B338A900B8D2DA /* Debug */ = {
			isa = XCBuildConfiguration;
			baseConfigurationReference = 24ADE49C90FC02F521965FA0 /* Pods-PokerExUITests.debug.xcconfig */;
			buildSettings = {
				ALWAYS_EMBED_SWIFT_STANDARD_LIBRARIES = YES;
				CODE_SIGN_STYLE = Automatic;
				INFOPLIST_FILE = PokerExUITests/Info.plist;
				LD_RUNPATH_SEARCH_PATHS = (
					"$(inherited)",
					"@executable_path/Frameworks",
					"@loader_path/Frameworks",
				);
				PRODUCT_BUNDLE_IDENTIFIER = com.PokerExUITests;
				PRODUCT_NAME = "$(TARGET_NAME)";
				SWIFT_VERSION = 4.0;
				TARGETED_DEVICE_FAMILY = "1,2";
				TEST_TARGET_NAME = PokerEx;
			};
			name = Debug;
		};
		A3DCAAA420B338A900B8D2DA /* Release */ = {
			isa = XCBuildConfiguration;
			baseConfigurationReference = EE9CAB823A2798965839C758 /* Pods-PokerExUITests.release.xcconfig */;
			buildSettings = {
				ALWAYS_EMBED_SWIFT_STANDARD_LIBRARIES = YES;
				CODE_SIGN_STYLE = Automatic;
				INFOPLIST_FILE = PokerExUITests/Info.plist;
				LD_RUNPATH_SEARCH_PATHS = (
					"$(inherited)",
					"@executable_path/Frameworks",
					"@loader_path/Frameworks",
				);
				PRODUCT_BUNDLE_IDENTIFIER = com.PokerExUITests;
				PRODUCT_NAME = "$(TARGET_NAME)";
				SWIFT_VERSION = 4.0;
				TARGETED_DEVICE_FAMILY = "1,2";
				TEST_TARGET_NAME = PokerEx;
			};
			name = Release;
		};
/* End XCBuildConfiguration section */

/* Begin XCConfigurationList section */
		A3DCAA6F20B338A800B8D2DA /* Build configuration list for PBXProject "PokerEx" */ = {
			isa = XCConfigurationList;
			buildConfigurations = (
				A3DCAA9A20B338A900B8D2DA /* Debug */,
				A3DCAA9B20B338A900B8D2DA /* Release */,
			);
			defaultConfigurationIsVisible = 0;
			defaultConfigurationName = Release;
		};
		A3DCAA9C20B338A900B8D2DA /* Build configuration list for PBXNativeTarget "PokerEx" */ = {
			isa = XCConfigurationList;
			buildConfigurations = (
				A3DCAA9D20B338A900B8D2DA /* Debug */,
				A3DCAA9E20B338A900B8D2DA /* Release */,
			);
			defaultConfigurationIsVisible = 0;
			defaultConfigurationName = Release;
		};
		A3DCAA9F20B338A900B8D2DA /* Build configuration list for PBXNativeTarget "PokerExTests" */ = {
			isa = XCConfigurationList;
			buildConfigurations = (
				A3DCAAA020B338A900B8D2DA /* Debug */,
				A3DCAAA120B338A900B8D2DA /* Release */,
			);
			defaultConfigurationIsVisible = 0;
			defaultConfigurationName = Release;
		};
		A3DCAAA220B338A900B8D2DA /* Build configuration list for PBXNativeTarget "PokerExUITests" */ = {
			isa = XCConfigurationList;
			buildConfigurations = (
				A3DCAAA320B338A900B8D2DA /* Debug */,
				A3DCAAA420B338A900B8D2DA /* Release */,
			);
			defaultConfigurationIsVisible = 0;
			defaultConfigurationName = Release;
		};
/* End XCConfigurationList section */
	};
	rootObject = A3DCAA6C20B338A800B8D2DA /* Project object */;
}
